
Microsoft Visual Studio Solution File, Format Version 12.00
Project("{FAE04EC0-301F-11D3-BF4B-00C04F79EFBC}") = "Summa.Forms.WebApp", "Summa.Forms.WebApp\Summa.Forms.WebApp.csproj", "{8A5609E9-D78D-4472-BEC6-8C477BEF41DD}"
EndProject
Project("{FAE04EC0-301F-11D3-BF4B-00C04F79EFBC}") = "Summa.Forms.Models", "Summa.Forms.Models\Summa.Forms.Models.csproj", "{4812A700-98F9-4BB5-A8D3-FCA8443C8DD3}"
EndProject
Project("{FAE04EC0-301F-11D3-BF4B-00C04F79EFBC}") = "Summa.Forms.Rendering", "Summa.Forms.Rendering\Summa.Forms.Rendering.csproj", "{E199F236-5B49-4217-9817-A676269864B3}"
EndProject
Global
	GlobalSection(SolutionConfigurationPlatforms) = preSolution
		Debug|Any CPU = Debug|Any CPU
		Release|Any CPU = Release|Any CPU
	EndGlobalSection
	GlobalSection(ProjectConfigurationPlatforms) = postSolution
		{8A5609E9-D78D-4472-BEC6-8C477BEF41DD}.Debug|Any CPU.ActiveCfg = Debug|Any CPU
		{8A5609E9-D78D-4472-BEC6-8C477BEF41DD}.Debug|Any CPU.Build.0 = Debug|Any CPU
		{8A5609E9-D78D-4472-BEC6-8C477BEF41DD}.Release|Any CPU.ActiveCfg = Release|Any CPU
		{8A5609E9-D78D-4472-BEC6-8C477BEF41DD}.Release|Any CPU.Build.0 = Release|Any CPU
		{4812A700-98F9-4BB5-A8D3-FCA8443C8DD3}.Debug|Any CPU.ActiveCfg = Debug|Any CPU
		{4812A700-98F9-4BB5-A8D3-FCA8443C8DD3}.Debug|Any CPU.Build.0 = Debug|Any CPU
		{4812A700-98F9-4BB5-A8D3-FCA8443C8DD3}.Release|Any CPU.ActiveCfg = Release|Any CPU
		{4812A700-98F9-4BB5-A8D3-FCA8443C8DD3}.Release|Any CPU.Build.0 = Release|Any CPU
		{E199F236-5B49-4217-9817-A676269864B3}.Debug|Any CPU.ActiveCfg = Debug|Any CPU
		{E199F236-5B49-4217-9817-A676269864B3}.Debug|Any CPU.Build.0 = Debug|Any CPU
		{E199F236-5B49-4217-9817-A676269864B3}.Release|Any CPU.ActiveCfg = Release|Any CPU
		{E199F236-5B49-4217-9817-A676269864B3}.Release|Any CPU.Build.0 = Release|Any CPU
	EndGlobalSection
EndGlobal
